{
  "version": 4,
  "terraform_version": "1.14.0",
  "serial": 6,
  "lineage": "f0554902-2e75-7043-2057-a24e9752077c",
  "outputs": {},
  "resources": [
    {
      "mode": "managed",
      "type": "local_file",
      "name": "another_example",
      "provider": "provider[\"registry.terraform.io/hashicorp/local\"]",
      "instances": [
        {
          "schema_version": 0,
          "attributes": {
            "content": "This is another  file content",
            "content_base64": null,
            "content_base64sha256": "t0fZLHBe5FxtWHYVr1EZ3uDHOET0FpXcJ4gNz4/0uQ8=",
            "content_base64sha512": "dUET8082cYRUvq9Yrg3y0bd79nzgtOUJBrEQk6LtzNnG8dwHSPRQEESnSBuiKM3C6bBb7pgtLfe4ze/HGj2jrQ==",
            "content_md5": "66390155cab3a9879509047e74550ea0",
            "content_sha1": "e98a30fe80af474a343fa2de63a0215a1767d9c0",
            "content_sha256": "b747d92c705ee45c6d587615af5119dee0c73844f41695dc27880dcf8ff4b90f",
            "content_sha512": "754113f34f36718454beaf58ae0df2d1b77bf67ce0b4e50906b11093a2edccd9c6f1dc0748f4501044a7481ba228cdc2e9b05bee982d2df7b8cdefc71a3da3ad",
            "directory_permission": "0777",
            "file_permission": "0777",
            "filename": "./another_hello.txt",
            "id": "e98a30fe80af474a343fa2de63a0215a1767d9c0",
            "sensitive_content": null,
            "source": null
          },
          "sensitive_attributes": [
            [
              {
                "type": "get_attr",
                "value": "sensitive_content"
              }
            ]
          ],
          "identity_schema_version": 0
        }
      ]
    },
    {
      "mode": "managed",
      "type": "local_file",
      "name": "variable_example",
      "provider": "provider[\"registry.terraform.io/hashicorp/local\"]",
      "instances": [
        {
          "schema_version": 0,
          "attributes": {
            "content": "Custom content from CLI",
            "content_base64": null,
            "content_base64sha256": "V4nZY1GPStG1QxxCuQv0PR4CWbznl2nPrc0u7EqDj2I=",
            "content_base64sha512": "r4IvIwwIZiPAgpmz8rM7iBEJ1IdCfrssroEHJZINXe4Gkm1MQHnI70Muk27E7JoEDr1VdpuAI+VPGGnHvf8i7g==",
            "content_md5": "d398f90a96d3629ee39e05274188db81",
            "content_sha1": "2d4a5d08e175dcc772bf6c66afeb7777b34a3a27",
            "content_sha256": "5789d963518f4ad1b5431c42b90bf43d1e0259bce79769cfadcd2eec4a838f62",
            "content_sha512": "af822f230c086623c08299b3f2b33b881109d487427ebb2cae810725920d5dee06926d4c4079c8ef432e936ec4ec9a040ebd55769b8023e54f1869c7bdff22ee",
            "directory_permission": "0777",
            "file_permission": "0777",
            "filename": "./variable_hello.txt",
            "id": "2d4a5d08e175dcc772bf6c66afeb7777b34a3a27",
            "sensitive_content": null,
            "source": null
          },
          "sensitive_attributes": [
            [
              {
                "type": "get_attr",
                "value": "sensitive_content"
              }
            ]
          ],
          "identity_schema_version": 0
        }
      ]
    }
  ],
  "check_results": null
}
